
Microsoft Visual Studio Solution File, Format Version 12.00
# Visual Studio Version 17
VisualStudioVersion = 17.6.33801.468
MinimumVisualStudioVersion = 10.0.40219.1
Project("{FAE04EC0-301F-11D3-BF4B-00C04F79EFBC}") = "MultiplayerGameFramework", "MultiplayerGameFramework.csproj", "{1E221217-72D3-4F23-AC9E-91A652649BA1}"
EndProject
Global
	GlobalSection(SolutionConfigurationPlatforms) = preSolution
		Debug|Any CPU = Debug|Any CPU
		Release|Any CPU = Release|Any CPU
	EndGlobalSection
	GlobalSection(ProjectConfigurationPlatforms) = postSolution
		{1E221217-72D3-4F23-AC9E-91A652649BA1}.Debug|Any CPU.ActiveCfg = Debug|Any CPU
		{1E221217-72D3-4F23-AC9E-91A652649BA1}.Debug|Any CPU.Build.0 = Debug|Any CPU
		{1E221217-72D3-4F23-AC9E-91A652649BA1}.Release|Any CPU.ActiveCfg = Release|Any CPU
		{1E221217-72D3-4F23-AC9E-91A652649BA1}.Release|Any CPU.Build.0 = Release|Any CPU
	EndGlobalSection
	GlobalSection(SolutionProperties) = preSolution
		HideSolutionNode = FALSE
	EndGlobalSection
	GlobalSection(ExtensibilityGlobals) = postSolution
		SolutionGuid = {10EB1585-0484-409D-AF1A-88DFF1B96933}
	EndGlobalSection
EndGlobal
